
Microsoft Visual Studio Solution File, Format Version 12.00
# Visual Studio Version 16
VisualStudioVersion = 25.0.1706.12
MinimumVisualStudioVersion = 10.0.40219.1
Project("{FAE04EC0-301F-11D3-BF4B-00C04F79EFBC}") = "StockMarketApp", "StockMarketApp.csproj", "{A41E8DD5-3717-42FB-82DB-B5658552A133}"
EndProject
Global
	GlobalSection(SolutionConfigurationPlatforms) = preSolution
		Debug|Any CPU = Debug|Any CPU
		Release|Any CPU = Release|Any CPU
	EndGlobalSection
	GlobalSection(ProjectConfigurationPlatforms) = postSolution
		{A41E8DD5-3717-42FB-82DB-B5658552A133}.Debug|Any CPU.ActiveCfg = Debug|Any CPU
		{A41E8DD5-3717-42FB-82DB-B5658552A133}.Debug|Any CPU.Build.0 = Debug|Any CPU
		{A41E8DD5-3717-42FB-82DB-B5658552A133}.Release|Any CPU.ActiveCfg = Release|Any CPU
		{A41E8DD5-3717-42FB-82DB-B5658552A133}.Release|Any CPU.Build.0 = Release|Any CPU
	EndGlobalSection
	GlobalSection(SolutionProperties) = preSolution
		HideSolutionNode = FALSE
	EndGlobalSection
	GlobalSection(ExtensibilityGlobals) = postSolution
		SolutionGuid = {F7978BFE-F88B-4BB3-BD44-040710050425}
	EndGlobalSection
EndGlobal
